// !$*UTF8*$!
{
	archiveVersion = 1;
	classes = {
	};
	objectVersion = 50;
	objects = {

/* Begin PBXBuildFile section */
		BD0B9A5324A3A07D001EF636 /* MovieCVCell.swift in Sources */ = {isa = PBXBuildFile; fileRef = BD0B9A5224A3A07D001EF636 /* MovieCVCell.swift */; };
		BD0B9A5524A3A097001EF636 /* CategoryTVCell.swift in Sources */ = {isa = PBXBuildFile; fileRef = BD0B9A5424A3A097001EF636 /* CategoryTVCell.swift */; };
		BD0B9A5724A3A7FC001EF636 /* extensionUIImageView.swift in Sources */ = {isa = PBXBuildFile; fileRef = BD0B9A5624A3A7FC001EF636 /* extensionUIImageView.swift */; };
		BD56919424A354A800898699 /* AppDelegate.swift in Sources */ = {isa = PBXBuildFile; fileRef = BD56919324A354A800898699 /* AppDelegate.swift */; };
		BD56919624A354A800898699 /* SceneDelegate.swift in Sources */ = {isa = PBXBuildFile; fileRef = BD56919524A354A800898699 /* SceneDelegate.swift */; };
		BD56919824A354A800898699 /* ViewController.swift in Sources */ = {isa = PBXBuildFile; fileRef = BD56919724A354A800898699 /* ViewController.swift */; };
		BD56919B24A354A800898699 /* Main.storyboard in Resources */ = {isa = PBXBuildFile; fileRef = BD56919924A354A800898699 /* Main.storyboard */; };
		BD56919D24A354AF00898699 /* Assets.xcassets in Resources */ = {isa = PBXBuildFile; fileRef = BD56919C24A354AF00898699 /* Assets.xcassets */; };
		BD5691A024A354AF00898699 /* LaunchScreen.storyboard in Resources */ = {isa = PBXBuildFile; fileRef = BD56919E24A354AF00898699 /* LaunchScreen.storyboard */; };
		BD5691AD24A357CF00898699 /* MovieParser.swift in Sources */ = {isa = PBXBuildFile; fileRef = BD5691AC24A357CF00898699 /* MovieParser.swift */; };
		BD5691AF24A35BB700898699 /* MovieCategory.swift in Sources */ = {isa = PBXBuildFile; fileRef = BD5691AE24A35BB700898699 /* MovieCategory.swift */; };
		BD5691B124A393C000898699 /* MovieResult.swift in Sources */ = {isa = PBXBuildFile; fileRef = BD5691B024A393BF00898699 /* MovieResult.swift */; };
		BD5691B324A398A000898699 /* MovieByCategory.swift in Sources */ = {isa = PBXBuildFile; fileRef = BD5691B224A398A000898699 /* MovieByCategory.swift */; };
/* End PBXBuildFile section */

/* Begin PBXFileReference section */
		BD0B9A5224A3A07D001EF636 /* MovieCVCell.swift */ = {isa = PBXFileReference; lastKnownFileType = sourcecode.swift; path = MovieCVCell.swift; sourceTree = "<group>"; };
		BD0B9A5424A3A097001EF636 /* CategoryTVCell.swift */ = {isa = PBXFileReference; lastKnownFileType = sourcecode.swift; path = CategoryTVCell.swift; sourceTree = "<group>"; };
		BD0B9A5624A3A7FC001EF636 /* extensionUIImageView.swift */ = {isa = PBXFileReference; lastKnownFileType = sourcecode.swift; path = extensionUIImageView.swift; sourceTree = "<group>"; };
		BD56919024A354A800898699 /* Ud_API_MyMovies.app */ = {isa = PBXFileReference; explicitFileType = wrapper.application; includeInIndex = 0; path = Ud_API_MyMovies.app; sourceTree = BUILT_PRODUCTS_DIR; };
		BD56919324A354A800898699 /* AppDelegate.swift */ = {isa = PBXFileReference; lastKnownFileType = sourcecode.swift; path = AppDelegate.swift; sourceTree = "<group>"; };
		BD56919524A354A800898699 /* SceneDelegate.swift */ = {isa = PBXFileReference; lastKnownFileType = sourcecode.swift; path = SceneDelegate.swift; sourceTree = "<group>"; };
		BD56919724A354A800898699 /* ViewController.swift */ = {isa = PBXFileReference; lastKnownFileType = sourcecode.swift; path = ViewController.swift; sourceTree = "<group>"; };
		BD56919A24A354A800898699 /* Base */ = {isa = PBXFileReference; lastKnownFileType = file.storyboard; name = Base; path = Base.lproj/Main.storyboard; sourceTree = "<group>"; };
		BD56919C24A354AF00898699 /* Assets.xcassets */ = {isa = PBXFileReference; lastKnownFileType = folder.assetcatalog; path = Assets.xcassets; sourceTree = "<group>"; };
		BD56919F24A354AF00898699 /* Base */ = {isa = PBXFileReference; lastKnownFileType = file.storyboard; name = Base; path = Base.lproj/LaunchScreen.storyboard; sourceTree = "<group>"; };
		BD5691A124A354AF00898699 /* Info.plist */ = {isa = PBXFileReference; lastKnownFileType = text.plist.xml; path = Info.plist; sourceTree = "<group>"; };
		BD5691AC24A357CF00898699 /* MovieParser.swift */ = {isa = PBXFileReference; lastKnownFileType = sourcecode.swift; path = MovieParser.swift; sourceTree = "<group>"; };
		BD5691AE24A35BB700898699 /* MovieCategory.swift */ = {isa = PBXFileReference; lastKnownFileType = sourcecode.swift; path = MovieCategory.swift; sourceTree = "<group>"; };
		BD5691B024A393BF00898699 /* MovieResult.swift */ = {isa = PBXFileReference; lastKnownFileType = sourcecode.swift; path = MovieResult.swift; sourceTree = "<group>"; };
		BD5691B224A398A000898699 /* MovieByCategory.swift */ = {isa = PBXFileReference; lastKnownFileType = sourcecode.swift; path = MovieByCategory.swift; sourceTree = "<group>"; };
/* End PBXFileReference section */

/* Begin PBXFrameworksBuildPhase section */
		BD56918D24A354A800898699 /* Frameworks */ = {
			isa = PBXFrameworksBuildPhase;
			buildActionMask = 2147483647;
			files = (
			);
			runOnlyForDeploymentPostprocessing = 0;
		};
/* End PBXFrameworksBuildPhase section */

/* Begin PBXGroup section */
		BD56918724A354A800898699 = {
			isa = PBXGroup;
			children = (
				BD56919224A354A800898699 /* Ud_API_MyMovies */,
				BD56919124A354A800898699 /* Products */,
			);
			sourceTree = "<group>";
		};
		BD56919124A354A800898699 /* Products */ = {
			isa = PBXGroup;
			children = (
				BD56919024A354A800898699 /* Ud_API_MyMovies.app */,
			);
			name = Products;
			sourceTree = "<group>";
		};
		BD56919224A354A800898699 /* Ud_API_MyMovies */ = {
			isa = PBXGroup;
			children = (
				BD5691AA24A354EA00898699 /* Supporting files */,
				BD5691AB24A3577400898699 /* Interface */,
				BD5691A924A354E000898699 /* View */,
				BD5691A824A354DD00898699 /* Controller */,
				BD5691A724A354D400898699 /* Model */,
			);
			path = Ud_API_MyMovies;
			sourceTree = "<group>";
		};
		BD5691A724A354D400898699 /* Model */ = {
			isa = PBXGroup;
			children = (
				BD5691AC24A357CF00898699 /* MovieParser.swift */,
				BD5691AE24A35BB700898699 /* MovieCategory.swift */,
				BD5691B024A393BF00898699 /* MovieResult.swift */,
				BD5691B224A398A000898699 /* MovieByCategory.swift */,
			);
			path = Model;
			sourceTree = "<group>";
		};
		BD5691A824A354DD00898699 /* Controller */ = {
			isa = PBXGroup;
			children = (
				BD56919724A354A800898699 /* ViewController.swift */,
			);
			path = Controller;
			sourceTree = "<group>";
		};
		BD5691A924A354E000898699 /* View */ = {
			isa = PBXGroup;
			children = (
				BD0B9A5224A3A07D001EF636 /* MovieCVCell.swift */,
				BD0B9A5424A3A097001EF636 /* CategoryTVCell.swift */,
				BD0B9A5624A3A7FC001EF636 /* extensionUIImageView.swift */,
			);
			path = View;
			sourceTree = "<group>";
		};
		BD5691AA24A354EA00898699 /* Supporting files */ = {
			isa = PBXGroup;
			children = (
				BD56919324A354A800898699 /* AppDelegate.swift */,
				BD56919524A354A800898699 /* SceneDelegate.swift */,
				BD56919C24A354AF00898699 /* Assets.xcassets */,
				BD5691A124A354AF00898699 /* Info.plist */,
			);
			path = "Supporting files";
			sourceTree = "<group>";
		};
		BD5691AB24A3577400898699 /* Interface */ = {
			isa = PBXGroup;
			children = (
				BD56919924A354A800898699 /* Main.storyboard */,
				BD56919E24A354AF00898699 /* LaunchScreen.storyboard */,
			);
			path = Interface;
			sourceTree = "<group>";
		};
/* End PBXGroup section */

/* Begin PBXNativeTarget section */
		BD56918F24A354A800898699 /* Ud_API_MyMovies */ = {
			isa = PBXNativeTarget;
			buildConfigurationList = BD5691A424A354AF00898699 /* Build configuration list for PBXNativeTarget "Ud_API_MyMovies" */;
			buildPhases = (
				BD56918C24A354A800898699 /* Sources */,
				BD56918D24A354A800898699 /* Frameworks */,
				BD56918E24A354A800898699 /* Resources */,
			);
			buildRules = (
			);
			dependencies = (
			);
			name = Ud_API_MyMovies;
			productName = Ud_API_MyMovies;
			productReference = BD56919024A354A800898699 /* Ud_API_MyMovies.app */;
			productType = "com.apple.product-type.application";
		};
/* End PBXNativeTarget section */

/* Begin PBXProject section */
		BD56918824A354A800898699 /* Project object */ = {
			isa = PBXProject;
			attributes = {
				LastSwiftUpdateCheck = 1150;
				LastUpgradeCheck = 1150;
				ORGANIZATIONNAME = "Caroline Zaini";
				TargetAttributes = {
					BD56918F24A354A800898699 = {
						CreatedOnToolsVersion = 11.5;
					};
				};
			};
			buildConfigurationList = BD56918B24A354A800898699 /* Build configuration list for PBXProject "Ud_API_MyMovies" */;
			compatibilityVersion = "Xcode 9.3";
			developmentRegion = en;
			hasScannedForEncodings = 0;
			knownRegions = (
				en,
				Base,
			);
			mainGroup = BD56918724A354A800898699;
			productRefGroup = BD56919124A354A800898699 /* Products */;
			projectDirPath = "";
			projectRoot = "";
			targets = (
				BD56918F24A354A800898699 /* Ud_API_MyMovies */,
			);
		};
/* End PBXProject section */

/* Begin PBXResourcesBuildPhase section */
		BD56918E24A354A800898699 /* Resources */ = {
			isa = PBXResourcesBuildPhase;
			buildActionMask = 2147483647;
			files = (
				BD5691A024A354AF00898699 /* LaunchScreen.storyboard in Resources */,
				BD56919D24A354AF00898699 /* Assets.xcassets in Resources */,
				BD56919B24A354A800898699 /* Main.storyboard in Resources */,
			);
			runOnlyForDeploymentPostprocessing = 0;
		};
/* End PBXResourcesBuildPhase section */

/* Begin PBXSourcesBuildPhase section */
		BD56918C24A354A800898699 /* Sources */ = {
			isa = PBXSourcesBuildPhase;
			buildActionMask = 2147483647;
			files = (
				BD5691B324A398A000898699 /* MovieByCategory.swift in Sources */,
				BD0B9A5524A3A097001EF636 /* CategoryTVCell.swift in Sources */,
				BD56919824A354A800898699 /* ViewController.swift in Sources */,
				BD0B9A5324A3A07D001EF636 /* MovieCVCell.swift in Sources */,
				BD5691B124A393C000898699 /* MovieResult.swift in Sources */,
				BD5691AD24A357CF00898699 /* MovieParser.swift in Sources */,
				BD0B9A5724A3A7FC001EF636 /* extensionUIImageView.swift in Sources */,
				BD5691AF24A35BB700898699 /* MovieCategory.swift in Sources */,
				BD56919424A354A800898699 /* AppDelegate.swift in Sources */,
				BD56919624A354A800898699 /* SceneDelegate.swift in Sources */,
			);
			runOnlyForDeploymentPostprocessing = 0;
		};
/* End PBXSourcesBuildPhase section */

/* Begin PBXVariantGroup section */
		BD56919924A354A800898699 /* Main.storyboard */ = {
			isa = PBXVariantGroup;
			children = (
				BD56919A24A354A800898699 /* Base */,
			);
			name = Main.storyboard;
			sourceTree = "<group>";
		};
		BD56919E24A354AF00898699 /* LaunchScreen.storyboard */ = {
			isa = PBXVariantGroup;
			children = (
				BD56919F24A354AF00898699 /* Base */,
			);
			name = LaunchScreen.storyboard;
			sourceTree = "<group>";
		};
/* End PBXVariantGroup section */

/* Begin XCBuildConfiguration section */
		BD5691A224A354AF00898699 /* Debug */ = {
			isa = XCBuildConfiguration;
			buildSettings = {
				ALWAYS_SEARCH_USER_PATHS = NO;
				CLANG_ANALYZER_NONNULL = YES;
				CLANG_ANALYZER_NUMBER_OBJECT_CONVERSION = YES_AGGRESSIVE;
				CLANG_CXX_LANGUAGE_STANDARD = "gnu++14";
				CLANG_CXX_LIBRARY = "libc++";
				CLANG_ENABLE_MODULES = YES;
				CLANG_ENABLE_OBJC_ARC = YES;
				CLANG_ENABLE_OBJC_WEAK = YES;
				CLANG_WARN_BLOCK_CAPTURE_AUTORELEASING = YES;
				CLANG_WARN_BOOL_CONVERSION = YES;
				CLANG_WARN_COMMA = YES;
				CLANG_WARN_CONSTANT_CONVERSION = YES;
				CLANG_WARN_DEPRECATED_OBJC_IMPLEMENTATIONS = YES;
				CLANG_WARN_DIRECT_OBJC_ISA_USAGE = YES_ERROR;
				CLANG_WARN_DOCUMENTATION_COMMENTS = YES;
				CLANG_WARN_EMPTY_BODY = YES;
				CLANG_WARN_ENUM_CONVERSION = YES;
				CLANG_WARN_INFINITE_RECURSION = YES;
				CLANG_WARN_INT_CONVERSION = YES;
				CLANG_WARN_NON_LITERAL_NULL_CONVERSION = YES;
				CLANG_WARN_OBJC_IMPLICIT_RETAIN_SELF = YES;
				CLANG_WARN_OBJC_LITERAL_CONVERSION = YES;
				CLANG_WARN_OBJC_ROOT_CLASS = YES_ERROR;
				CLANG_WARN_RANGE_LOOP_ANALYSIS = YES;
				CLANG_WARN_STRICT_PROTOTYPES = YES;
				CLANG_WARN_SUSPICIOUS_MOVE = YES;
				CLANG_WARN_UNGUARDED_AVAILABILITY = YES_AGGRESSIVE;
				CLANG_WARN_UNREACHABLE_CODE = YES;
				CLANG_WARN__DUPLICATE_METHOD_MATCH = YES;
				COPY_PHASE_STRIP = NO;
				DEBUG_INFORMATION_FORMAT = dwarf;
				ENABLE_STRICT_OBJC_MSGSEND = YES;
				ENABLE_TESTABILITY = YES;
				GCC_C_LANGUAGE_STANDARD = gnu11;
				GCC_DYNAMIC_NO_PIC = NO;
				GCC_NO_COMMON_BLOCKS = YES;
				GCC_OPTIMIZATION_LEVEL = 0;
				GCC_PREPROCESSOR_DEFINITIONS = (
					"DEBUG=1",
					"$(inherited)",
				);
				GCC_WARN_64_TO_32_BIT_CONVERSION = YES;
				GCC_WARN_ABOUT_RETURN_TYPE = YES_ERROR;
				GCC_WARN_UNDECLARED_SELECTOR = YES;
				GCC_WARN_UNINITIALIZED_AUTOS = YES_AGGRESSIVE;
				GCC_WARN_UNUSED_FUNCTION = YES;
				GCC_WARN_UNUSED_VARIABLE = YES;
				IPHONEOS_DEPLOYMENT_TARGET = 13.5;
				MTL_ENABLE_DEBUG_INFO = INCLUDE_SOURCE;
				MTL_FAST_MATH = YES;
				ONLY_ACTIVE_ARCH = YES;
				SDKROOT = iphoneos;
				SWIFT_ACTIVE_COMPILATION_CONDITIONS = DEBUG;
				SWIFT_OPTIMIZATION_LEVEL = "-Onone";
			};
			name = Debug;
		};
		BD5691A324A354AF00898699 /* Release */ = {
			isa = XCBuildConfiguration;
			buildSettings = {
				ALWAYS_SEARCH_USER_PATHS = NO;
				CLANG_ANALYZER_NONNULL = YES;
				CLANG_ANALYZER_NUMBER_OBJECT_CONVERSION = YES_AGGRESSIVE;
				CLANG_CXX_LANGUAGE_STANDARD = "gnu++14";
				CLANG_CXX_LIBRARY = "libc++";
				CLANG_ENABLE_MODULES = YES;
				CLANG_ENABLE_OBJC_ARC = YES;
				CLANG_ENABLE_OBJC_WEAK = YES;
				CLANG_WARN_BLOCK_CAPTURE_AUTORELEASING = YES;
				CLANG_WARN_BOOL_CONVERSION = YES;
				CLANG_WARN_COMMA = YES;
				CLANG_WARN_CONSTANT_CONVERSION = YES;
				CLANG_WARN_DEPRECATED_OBJC_IMPLEMENTATIONS = YES;
				CLANG_WARN_DIRECT_OBJC_ISA_USAGE = YES_ERROR;
				CLANG_WARN_DOCUMENTATION_COMMENTS = YES;
				CLANG_WARN_EMPTY_BODY = YES;
				CLANG_WARN_ENUM_CONVERSION = YES;
				CLANG_WARN_INFINITE_RECURSION = YES;
				CLANG_WARN_INT_CONVERSION = YES;
				CLANG_WARN_NON_LITERAL_NULL_CONVERSION = YES;
				CLANG_WARN_OBJC_IMPLICIT_RETAIN_SELF = YES;
				CLANG_WARN_OBJC_LITERAL_CONVERSION = YES;
				CLANG_WARN_OBJC_ROOT_CLASS = YES_ERROR;
				CLANG_WARN_RANGE_LOOP_ANALYSIS = YES;
				CLANG_WARN_STRICT_PROTOTYPES = YES;
				CLANG_WARN_SUSPICIOUS_MOVE = YES;
				CLANG_WARN_UNGUARDED_AVAILABILITY = YES_AGGRESSIVE;
				CLANG_WARN_UNREACHABLE_CODE = YES;
				CLANG_WARN__DUPLICATE_METHOD_MATCH = YES;
				COPY_PHASE_STRIP = NO;
				DEBUG_INFORMATION_FORMAT = "dwarf-with-dsym";
				ENABLE_NS_ASSERTIONS = NO;
				ENABLE_STRICT_OBJC_MSGSEND = YES;
				GCC_C_LANGUAGE_STANDARD = gnu11;
				GCC_NO_COMMON_BLOCKS = YES;
				GCC_WARN_64_TO_32_BIT_CONVERSION = YES;
				GCC_WARN_ABOUT_RETURN_TYPE = YES_ERROR;
				GCC_WARN_UNDECLARED_SELECTOR = YES;
				GCC_WARN_UNINITIALIZED_AUTOS = YES_AGGRESSIVE;
				GCC_WARN_UNUSED_FUNCTION = YES;
				GCC_WARN_UNUSED_VARIABLE = YES;
				IPHONEOS_DEPLOYMENT_TARGET = 13.5;
				MTL_ENABLE_DEBUG_INFO = NO;
				MTL_FAST_MATH = YES;
				SDKROOT = iphoneos;
				SWIFT_COMPILATION_MODE = wholemodule;
				SWIFT_OPTIMIZATION_LEVEL = "-O";
				VALIDATE_PRODUCT = YES;
			};
			name = Release;
		};
		BD5691A524A354AF00898699 /* Debug */ = {
			isa = XCBuildConfiguration;
			buildSettings = {
				ASSETCATALOG_COMPILER_APPICON_NAME = AppIcon;
				CODE_SIGN_STYLE = Automatic;
				INFOPLIST_FILE = "$(SRCROOT)/Ud_API_MyMovies/Supporting files/Info.plist";
				LD_RUNPATH_SEARCH_PATHS = (
					"$(inherited)",
					"@executable_path/Frameworks",
				);
				PRODUCT_BUNDLE_IDENTIFIER = "fr.carolinezaini.Ud-API-MyMovies";
				PRODUCT_NAME = "$(TARGET_NAME)";
				SWIFT_VERSION = 5.0;
				TARGETED_DEVICE_FAMILY = "1,2";
			};
			name = Debug;
		};
		BD5691A624A354AF00898699 /* Release */ = {
			isa = XCBuildConfiguration;
			buildSettings = {
				ASSETCATALOG_COMPILER_APPICON_NAME = AppIcon;
				CODE_SIGN_STYLE = Automatic;
				INFOPLIST_FILE = "$(SRCROOT)/Ud_API_MyMovies/Supporting files/Info.plist";
				LD_RUNPATH_SEARCH_PATHS = (
					"$(inherited)",
					"@executable_path/Frameworks",
				);
				PRODUCT_BUNDLE_IDENTIFIER = "fr.carolinezaini.Ud-API-MyMovies";
				PRODUCT_NAME = "$(TARGET_NAME)";
				SWIFT_VERSION = 5.0;
				TARGETED_DEVICE_FAMILY = "1,2";
			};
			name = Release;
		};
/* End XCBuildConfiguration section */

/* Begin XCConfigurationList section */
		BD56918B24A354A800898699 /* Build configuration list for PBXProject "Ud_API_MyMovies" */ = {
			isa = XCConfigurationList;
			buildConfigurations = (
				BD5691A224A354AF00898699 /* Debug */,
				BD5691A324A354AF00898699 /* Release */,
			);
			defaultConfigurationIsVisible = 0;
			defaultConfigurationName = Release;
		};
		BD5691A424A354AF00898699 /* Build configuration list for PBXNativeTarget "Ud_API_MyMovies" */ = {
			isa = XCConfigurationList;
			buildConfigurations = (
				BD5691A524A354AF00898699 /* Debug */,
				BD5691A624A354AF00898699 /* Release */,
			);
			defaultConfigurationIsVisible = 0;
			defaultConfigurationName = Release;
		};
/* End XCConfigurationList section */
	};
	rootObject = BD56918824A354A800898699 /* Project object */;
}
